
Microsoft Visual Studio Solution File, Format Version 12.00
# Visual Studio Version 17
VisualStudioVersion = 17.0.32014.148
MinimumVisualStudioVersion = 10.0.40219.1
Project("{8BC9CEB8-8B4A-11D0-8D11-00A0C91BC942}") = "HomeWork220114ToUpper", "HomeWork\HomeWork.vcxproj", "{CDAB4EFA-5A52-4B7B-91F8-E5F083D26450}"
EndProject
Project("{8BC9CEB8-8B4A-11D0-8D11-00A0C91BC942}") = "HomeWork220114Cut", "HomeWork220114Cut\HomeWork220114Cut.vcxproj", "{0717F38A-649C-4FA1-85E2-D3EF0C6DA02B}"
EndProject
Project("{8BC9CEB8-8B4A-11D0-8D11-00A0C91BC942}") = "HomeWork220117", "HomeWork220117\HomeWork220117.vcxproj", "{E4183E36-DB5F-49C5-8FAF-6C994095BB9B}"
EndProject
Project("{8BC9CEB8-8B4A-11D0-8D11-00A0C91BC942}") = "HomeWork220112", "..\..\AR40_HomeWork\CPP\HomeWork220112\HomeWork220112.vcxproj", "{CB0F1D75-A2F3-4455-B39D-AC50B5364E4F}"
EndProject
Project("{8BC9CEB8-8B4A-11D0-8D11-00A0C91BC942}") = "HomeWork220120", "HomeWork220120\HomeWork220120.vcxproj", "{ED6A1633-D7B8-4D71-9C61-A19A8A6055C7}"
EndProject
Project("{8BC9CEB8-8B4A-11D0-8D11-00A0C91BC942}") = "HomeWork220126", "HomeWork220126\HomeWork220126.vcxproj", "{A4A78C57-9F62-4829-A041-5BCAB01B4F5D}"
EndProject
Global
	GlobalSection(SolutionConfigurationPlatforms) = preSolution
		Debug|x64 = Debug|x64
		Debug|x86 = Debug|x86
		Release|x64 = Release|x64
		Release|x86 = Release|x86
	EndGlobalSection
	GlobalSection(ProjectConfigurationPlatforms) = postSolution
		{CDAB4EFA-5A52-4B7B-91F8-E5F083D26450}.Debug|x64.ActiveCfg = Debug|x64
		{CDAB4EFA-5A52-4B7B-91F8-E5F083D26450}.Debug|x64.Build.0 = Debug|x64
		{CDAB4EFA-5A52-4B7B-91F8-E5F083D26450}.Debug|x86.ActiveCfg = Debug|Win32
		{CDAB4EFA-5A52-4B7B-91F8-E5F083D26450}.Debug|x86.Build.0 = Debug|Win32
		{CDAB4EFA-5A52-4B7B-91F8-E5F083D26450}.Release|x64.ActiveCfg = Release|x64
		{CDAB4EFA-5A52-4B7B-91F8-E5F083D26450}.Release|x64.Build.0 = Release|x64
		{CDAB4EFA-5A52-4B7B-91F8-E5F083D26450}.Release|x86.ActiveCfg = Release|Win32
		{CDAB4EFA-5A52-4B7B-91F8-E5F083D26450}.Release|x86.Build.0 = Release|Win32
		{0717F38A-649C-4FA1-85E2-D3EF0C6DA02B}.Debug|x64.ActiveCfg = Debug|x64
		{0717F38A-649C-4FA1-85E2-D3EF0C6DA02B}.Debug|x64.Build.0 = Debug|x64
		{0717F38A-649C-4FA1-85E2-D3EF0C6DA02B}.Debug|x86.ActiveCfg = Debug|Win32
		{0717F38A-649C-4FA1-85E2-D3EF0C6DA02B}.Debug|x86.Build.0 = Debug|Win32
		{0717F38A-649C-4FA1-85E2-D3EF0C6DA02B}.Release|x64.ActiveCfg = Release|x64
		{0717F38A-649C-4FA1-85E2-D3EF0C6DA02B}.Release|x64.Build.0 = Release|x64
		{0717F38A-649C-4FA1-85E2-D3EF0C6DA02B}.Release|x86.ActiveCfg = Release|Win32
		{0717F38A-649C-4FA1-85E2-D3EF0C6DA02B}.Release|x86.Build.0 = Release|Win32
		{E4183E36-DB5F-49C5-8FAF-6C994095BB9B}.Debug|x64.ActiveCfg = Debug|x64
		{E4183E36-DB5F-49C5-8FAF-6C994095BB9B}.Debug|x64.Build.0 = Debug|x64
		{E4183E36-DB5F-49C5-8FAF-6C994095BB9B}.Debug|x86.ActiveCfg = Debug|Win32
		{E4183E36-DB5F-49C5-8FAF-6C994095BB9B}.Debug|x86.Build.0 = Debug|Win32
		{E4183E36-DB5F-49C5-8FAF-6C994095BB9B}.Release|x64.ActiveCfg = Release|x64
		{E4183E36-DB5F-49C5-8FAF-6C994095BB9B}.Release|x64.Build.0 = Release|x64
		{E4183E36-DB5F-49C5-8FAF-6C994095BB9B}.Release|x86.ActiveCfg = Release|Win32
		{E4183E36-DB5F-49C5-8FAF-6C994095BB9B}.Release|x86.Build.0 = Release|Win32
		{CB0F1D75-A2F3-4455-B39D-AC50B5364E4F}.Debug|x64.ActiveCfg = Debug|x64
		{CB0F1D75-A2F3-4455-B39D-AC50B5364E4F}.Debug|x64.Build.0 = Debug|x64
		{CB0F1D75-A2F3-4455-B39D-AC50B5364E4F}.Debug|x86.ActiveCfg = Debug|Win32
		{CB0F1D75-A2F3-4455-B39D-AC50B5364E4F}.Debug|x86.Build.0 = Debug|Win32
		{CB0F1D75-A2F3-4455-B39D-AC50B5364E4F}.Release|x64.ActiveCfg = Release|x64
		{CB0F1D75-A2F3-4455-B39D-AC50B5364E4F}.Release|x64.Build.0 = Release|x64
		{CB0F1D75-A2F3-4455-B39D-AC50B5364E4F}.Release|x86.ActiveCfg = Release|Win32
		{CB0F1D75-A2F3-4455-B39D-AC50B5364E4F}.Release|x86.Build.0 = Release|Win32
		{ED6A1633-D7B8-4D71-9C61-A19A8A6055C7}.Debug|x64.ActiveCfg = Debug|x64
		{ED6A1633-D7B8-4D71-9C61-A19A8A6055C7}.Debug|x64.Build.0 = Debug|x64
		{ED6A1633-D7B8-4D71-9C61-A19A8A6055C7}.Debug|x86.ActiveCfg = Debug|Win32
		{ED6A1633-D7B8-4D71-9C61-A19A8A6055C7}.Debug|x86.Build.0 = Debug|Win32
		{ED6A1633-D7B8-4D71-9C61-A19A8A6055C7}.Release|x64.ActiveCfg = Release|x64
		{ED6A1633-D7B8-4D71-9C61-A19A8A6055C7}.Release|x64.Build.0 = Release|x64
		{ED6A1633-D7B8-4D71-9C61-A19A8A6055C7}.Release|x86.ActiveCfg = Release|Win32
		{ED6A1633-D7B8-4D71-9C61-A19A8A6055C7}.Release|x86.Build.0 = Release|Win32
		{A4A78C57-9F62-4829-A041-5BCAB01B4F5D}.Debug|x64.ActiveCfg = Debug|x64
		{A4A78C57-9F62-4829-A041-5BCAB01B4F5D}.Debug|x64.Build.0 = Debug|x64
		{A4A78C57-9F62-4829-A041-5BCAB01B4F5D}.Debug|x86.ActiveCfg = Debug|Win32
		{A4A78C57-9F62-4829-A041-5BCAB01B4F5D}.Debug|x86.Build.0 = Debug|Win32
		{A4A78C57-9F62-4829-A041-5BCAB01B4F5D}.Release|x64.ActiveCfg = Release|x64
		{A4A78C57-9F62-4829-A041-5BCAB01B4F5D}.Release|x64.Build.0 = Release|x64
		{A4A78C57-9F62-4829-A041-5BCAB01B4F5D}.Release|x86.ActiveCfg = Release|Win32
		{A4A78C57-9F62-4829-A041-5BCAB01B4F5D}.Release|x86.Build.0 = Release|Win32
	EndGlobalSection
	GlobalSection(SolutionProperties) = preSolution
		HideSolutionNode = FALSE
	EndGlobalSection
	GlobalSection(ExtensibilityGlobals) = postSolution
		SolutionGuid = {629063CD-DD94-4E80-9034-454C8D398F1D}
	EndGlobalSection
EndGlobal
